PODS:
  - Flutter (1.0.0)
  - snapshot_guard (0.0.1):
    - Flutter
    - SnapshotSafeView
  - SnapshotSafeView (0.2.0)

DEPENDENCIES:
  - Flutter (from `Flutter`)
  - snapshot_guard (from `.symlinks/plugins/snapshot_guard/ios`)
  - SnapshotSafeView (from `https://github.com/omarmgerbie/SnapshotSafeView.git`, branch `master`)

EXTERNAL SOURCES:
  Flutter:
    :path: Flutter
  snapshot_guard:
    :path: ".symlinks/plugins/snapshot_guard/ios"
  SnapshotSafeView:
    :branch: master
    :git: https://github.com/omarmgerbie/SnapshotSafeView.git

CHECKOUT OPTIONS:
  SnapshotSafeView:
    :commit: 7072e4d0ae9e840bf25114bac96f8473d2d9daa7
    :git: https://github.com/omarmgerbie/SnapshotSafeView.git

SPEC CHECKSUMS:
  Flutter: f04841e97a9d0b0a8025694d0796dd46242b2854
  snapshot_guard: 42e8454900374924a3404c5be3c64b59a41721a4
  SnapshotSafeView: d58a2babab5a4400d8a6240e2dfcb60a374da704

PODFILE CHECKSUM: d4fbf211ec021ef0ef8a773d1a3e39e4b13cb1d8

COCOAPODS: 1.11.3
